
Microsoft Visual Studio Solution File, Format Version 12.00
# Visual Studio Version 17
VisualStudioVersion = 17.0.31912.275
MinimumVisualStudioVersion = 10.0.40219.1
Project("{9A19103F-16F7-4668-BE54-9A1E7A4F7556}") = "Client", "Client\Client.csproj", "{47E2342E-B2DB-45FD-BC8D-7570CE6F62BE}"
EndProject
Project("{9A19103F-16F7-4668-BE54-9A1E7A4F7556}") = "Server", "Server\Server.csproj", "{2025552C-F598-4BA8-BA98-B90184C87DCE}"
EndProject
Project("{9A19103F-16F7-4668-BE54-9A1E7A4F7556}") = "Shared", "Shared\Shared.csproj", "{3931701A-4C21-42D7-BAE2-6285C2C9D4EA}"
EndProject
Project("{FAE04EC0-301F-11D3-BF4B-00C04F79EFBC}") = "Contracts", "Contracts\Contracts.csproj", "{2D7E35B2-0E28-4AA9-B39E-89463516C277}"
EndProject
Global
	GlobalSection(SolutionConfigurationPlatforms) = preSolution
		Debug|Any CPU = Debug|Any CPU
		Release|Any CPU = Release|Any CPU
	EndGlobalSection
	GlobalSection(ProjectConfigurationPlatforms) = postSolution
		{47E2342E-B2DB-45FD-BC8D-7570CE6F62BE}.Debug|Any CPU.ActiveCfg = Debug|Any CPU
		{47E2342E-B2DB-45FD-BC8D-7570CE6F62BE}.Debug|Any CPU.Build.0 = Debug|Any CPU
		{47E2342E-B2DB-45FD-BC8D-7570CE6F62BE}.Release|Any CPU.ActiveCfg = Release|Any CPU
		{47E2342E-B2DB-45FD-BC8D-7570CE6F62BE}.Release|Any CPU.Build.0 = Release|Any CPU
		{2025552C-F598-4BA8-BA98-B90184C87DCE}.Debug|Any CPU.ActiveCfg = Debug|Any CPU
		{2025552C-F598-4BA8-BA98-B90184C87DCE}.Debug|Any CPU.Build.0 = Debug|Any CPU
		{2025552C-F598-4BA8-BA98-B90184C87DCE}.Release|Any CPU.ActiveCfg = Release|Any CPU
		{2025552C-F598-4BA8-BA98-B90184C87DCE}.Release|Any CPU.Build.0 = Release|Any CPU
		{3931701A-4C21-42D7-BAE2-6285C2C9D4EA}.Debug|Any CPU.ActiveCfg = Debug|Any CPU
		{3931701A-4C21-42D7-BAE2-6285C2C9D4EA}.Debug|Any CPU.Build.0 = Debug|Any CPU
		{3931701A-4C21-42D7-BAE2-6285C2C9D4EA}.Release|Any CPU.ActiveCfg = Release|Any CPU
		{3931701A-4C21-42D7-BAE2-6285C2C9D4EA}.Release|Any CPU.Build.0 = Release|Any CPU
		{2D7E35B2-0E28-4AA9-B39E-89463516C277}.Debug|Any CPU.ActiveCfg = Debug|Any CPU
		{2D7E35B2-0E28-4AA9-B39E-89463516C277}.Debug|Any CPU.Build.0 = Debug|Any CPU
		{2D7E35B2-0E28-4AA9-B39E-89463516C277}.Release|Any CPU.ActiveCfg = Release|Any CPU
		{2D7E35B2-0E28-4AA9-B39E-89463516C277}.Release|Any CPU.Build.0 = Release|Any CPU
	EndGlobalSection
	GlobalSection(SolutionProperties) = preSolution
		HideSolutionNode = FALSE
	EndGlobalSection
	GlobalSection(ExtensibilityGlobals) = postSolution
		SolutionGuid = {3C153328-9B77-40AE-B51C-81297ACA5A21}
	EndGlobalSection
EndGlobal
